
Microsoft Visual Studio Solution File, Format Version 12.00
# Visual Studio Version 17
VisualStudioVersion = 17.14.36518.9 d17.14
MinimumVisualStudioVersion = 10.0.40219.1
Project("{FAE04EC0-301F-11D3-BF4B-00C04F79EFBC}") = "AITech.Entity", "AITech.Entity\AITech.Entity.csproj", "{D7CB0306-816E-46D6-A31C-480E8946F4C4}"
EndProject
Project("{FAE04EC0-301F-11D3-BF4B-00C04F79EFBC}") = "AITech.DataAccess", "AITech.DataAccess\AITech.DataAccess.csproj", "{18BDE7BD-76E4-44AB-A1FF-A4A5769FF75B}"
EndProject
Project("{FAE04EC0-301F-11D3-BF4B-00C04F79EFBC}") = "AITech.Business", "AITech.Business\AITech.Business.csproj", "{C2F7FEF4-9F02-4637-8870-89A945C12917}"
EndProject
Project("{FAE04EC0-301F-11D3-BF4B-00C04F79EFBC}") = "AITech.DTO", "AITech.DTO\AITech.DTO.csproj", "{F4C5EE87-E046-48BD-B51C-EBEEAF12E3B0}"
EndProject
Project("{FAE04EC0-301F-11D3-BF4B-00C04F79EFBC}") = "AITech.API", "AITech.API\AITech.API.csproj", "{45FE1CB7-886A-4D38-AFEB-ACA120D17888}"
EndProject
Project("{FAE04EC0-301F-11D3-BF4B-00C04F79EFBC}") = "AITech.WebUI", "AITech.WebUI\AITech.WebUI.csproj", "{D609C0E4-A8C8-4F5D-BE1C-28CD87793EC8}"
EndProject
Global
	GlobalSection(SolutionConfigurationPlatforms) = preSolution
		Debug|Any CPU = Debug|Any CPU
		Release|Any CPU = Release|Any CPU
	EndGlobalSection
	GlobalSection(ProjectConfigurationPlatforms) = postSolution
		{D7CB0306-816E-46D6-A31C-480E8946F4C4}.Debug|Any CPU.ActiveCfg = Debug|Any CPU
		{D7CB0306-816E-46D6-A31C-480E8946F4C4}.Debug|Any CPU.Build.0 = Debug|Any CPU
		{D7CB0306-816E-46D6-A31C-480E8946F4C4}.Release|Any CPU.ActiveCfg = Release|Any CPU
		{D7CB0306-816E-46D6-A31C-480E8946F4C4}.Release|Any CPU.Build.0 = Release|Any CPU
		{18BDE7BD-76E4-44AB-A1FF-A4A5769FF75B}.Debug|Any CPU.ActiveCfg = Debug|Any CPU
		{18BDE7BD-76E4-44AB-A1FF-A4A5769FF75B}.Debug|Any CPU.Build.0 = Debug|Any CPU
		{18BDE7BD-76E4-44AB-A1FF-A4A5769FF75B}.Release|Any CPU.ActiveCfg = Release|Any CPU
		{18BDE7BD-76E4-44AB-A1FF-A4A5769FF75B}.Release|Any CPU.Build.0 = Release|Any CPU
		{C2F7FEF4-9F02-4637-8870-89A945C12917}.Debug|Any CPU.ActiveCfg = Debug|Any CPU
		{C2F7FEF4-9F02-4637-8870-89A945C12917}.Debug|Any CPU.Build.0 = Debug|Any CPU
		{C2F7FEF4-9F02-4637-8870-89A945C12917}.Release|Any CPU.ActiveCfg = Release|Any CPU
		{C2F7FEF4-9F02-4637-8870-89A945C12917}.Release|Any CPU.Build.0 = Release|Any CPU
		{F4C5EE87-E046-48BD-B51C-EBEEAF12E3B0}.Debug|Any CPU.ActiveCfg = Debug|Any CPU
		{F4C5EE87-E046-48BD-B51C-EBEEAF12E3B0}.Debug|Any CPU.Build.0 = Debug|Any CPU
		{F4C5EE87-E046-48BD-B51C-EBEEAF12E3B0}.Release|Any CPU.ActiveCfg = Release|Any CPU
		{F4C5EE87-E046-48BD-B51C-EBEEAF12E3B0}.Release|Any CPU.Build.0 = Release|Any CPU
		{45FE1CB7-886A-4D38-AFEB-ACA120D17888}.Debug|Any CPU.ActiveCfg = Debug|Any CPU
		{45FE1CB7-886A-4D38-AFEB-ACA120D17888}.Debug|Any CPU.Build.0 = Debug|Any CPU
		{45FE1CB7-886A-4D38-AFEB-ACA120D17888}.Release|Any CPU.ActiveCfg = Release|Any CPU
		{45FE1CB7-886A-4D38-AFEB-ACA120D17888}.Release|Any CPU.Build.0 = Release|Any CPU
		{D609C0E4-A8C8-4F5D-BE1C-28CD87793EC8}.Debug|Any CPU.ActiveCfg = Debug|Any CPU
		{D609C0E4-A8C8-4F5D-BE1C-28CD87793EC8}.Debug|Any CPU.Build.0 = Debug|Any CPU
		{D609C0E4-A8C8-4F5D-BE1C-28CD87793EC8}.Release|Any CPU.ActiveCfg = Release|Any CPU
		{D609C0E4-A8C8-4F5D-BE1C-28CD87793EC8}.Release|Any CPU.Build.0 = Release|Any CPU
	EndGlobalSection
	GlobalSection(SolutionProperties) = preSolution
		HideSolutionNode = FALSE
	EndGlobalSection
	GlobalSection(ExtensibilityGlobals) = postSolution
		SolutionGuid = {C79C6C06-B338-47C7-B365-5C917E50A6E2}
	EndGlobalSection
EndGlobal
